
Microsoft Visual Studio Solution File, Format Version 12.00
# Visual Studio 14
VisualStudioVersion = 14.0.24720.0
MinimumVisualStudioVersion = 10.0.40219.1
Project("{FAE04EC0-301F-11D3-BF4B-00C04F79EFBC}") = "MapMaker", "MapMaker.csproj", "{792A19DB-18F6-4DFA-84E3-FE66BDF5ACBE}"
EndProject
Project("{FAE04EC0-301F-11D3-BF4B-00C04F79EFBC}") = "Generators", "Generators\Generators.csproj", "{47F27E01-B26A-4F16-A074-2858965D61B3}"
EndProject
Project("{FAE04EC0-301F-11D3-BF4B-00C04F79EFBC}") = "ConsoleAppTest", "ConsoleAppTest\ConsoleAppTest.csproj", "{27910D42-3C01-427B-A058-02FA3BBCC9CB}"
EndProject
Project("{FAE04EC0-301F-11D3-BF4B-00C04F79EFBC}") = "Tests", "Tests\Tests.csproj", "{A587A6EF-68F1-49C7-A258-202BE747A4AD}"
EndProject
Project("{FAE04EC0-301F-11D3-BF4B-00C04F79EFBC}") = "Structure", "Structure\Structure.csproj", "{B4FD94AA-DB29-4F00-B184-6D3DC1A73F84}"
EndProject
Project("{FAE04EC0-301F-11D3-BF4B-00C04F79EFBC}") = "Ravine", "Ravine\Ravine.csproj", "{B45E5A4A-397F-432D-A9FE-4E5F6EB3F540}"
EndProject
Global
	GlobalSection(SolutionConfigurationPlatforms) = preSolution
		Debug|Any CPU = Debug|Any CPU
		Release|Any CPU = Release|Any CPU
	EndGlobalSection
	GlobalSection(ProjectConfigurationPlatforms) = postSolution
		{792A19DB-18F6-4DFA-84E3-FE66BDF5ACBE}.Debug|Any CPU.ActiveCfg = Debug|Any CPU
		{792A19DB-18F6-4DFA-84E3-FE66BDF5ACBE}.Debug|Any CPU.Build.0 = Debug|Any CPU
		{792A19DB-18F6-4DFA-84E3-FE66BDF5ACBE}.Release|Any CPU.ActiveCfg = Release|Any CPU
		{792A19DB-18F6-4DFA-84E3-FE66BDF5ACBE}.Release|Any CPU.Build.0 = Release|Any CPU
		{47F27E01-B26A-4F16-A074-2858965D61B3}.Debug|Any CPU.ActiveCfg = Debug|Any CPU
		{47F27E01-B26A-4F16-A074-2858965D61B3}.Debug|Any CPU.Build.0 = Debug|Any CPU
		{47F27E01-B26A-4F16-A074-2858965D61B3}.Release|Any CPU.ActiveCfg = Release|Any CPU
		{47F27E01-B26A-4F16-A074-2858965D61B3}.Release|Any CPU.Build.0 = Release|Any CPU
		{27910D42-3C01-427B-A058-02FA3BBCC9CB}.Debug|Any CPU.ActiveCfg = Debug|Any CPU
		{27910D42-3C01-427B-A058-02FA3BBCC9CB}.Debug|Any CPU.Build.0 = Debug|Any CPU
		{27910D42-3C01-427B-A058-02FA3BBCC9CB}.Release|Any CPU.ActiveCfg = Release|Any CPU
		{27910D42-3C01-427B-A058-02FA3BBCC9CB}.Release|Any CPU.Build.0 = Release|Any CPU
		{A587A6EF-68F1-49C7-A258-202BE747A4AD}.Debug|Any CPU.ActiveCfg = Debug|Any CPU
		{A587A6EF-68F1-49C7-A258-202BE747A4AD}.Debug|Any CPU.Build.0 = Debug|Any CPU
		{A587A6EF-68F1-49C7-A258-202BE747A4AD}.Release|Any CPU.ActiveCfg = Release|Any CPU
		{A587A6EF-68F1-49C7-A258-202BE747A4AD}.Release|Any CPU.Build.0 = Release|Any CPU
		{B4FD94AA-DB29-4F00-B184-6D3DC1A73F84}.Debug|Any CPU.ActiveCfg = Debug|Any CPU
		{B4FD94AA-DB29-4F00-B184-6D3DC1A73F84}.Debug|Any CPU.Build.0 = Debug|Any CPU
		{B4FD94AA-DB29-4F00-B184-6D3DC1A73F84}.Release|Any CPU.ActiveCfg = Release|Any CPU
		{B4FD94AA-DB29-4F00-B184-6D3DC1A73F84}.Release|Any CPU.Build.0 = Release|Any CPU
		{B45E5A4A-397F-432D-A9FE-4E5F6EB3F540}.Debug|Any CPU.ActiveCfg = Debug|Any CPU
		{B45E5A4A-397F-432D-A9FE-4E5F6EB3F540}.Debug|Any CPU.Build.0 = Debug|Any CPU
		{B45E5A4A-397F-432D-A9FE-4E5F6EB3F540}.Release|Any CPU.ActiveCfg = Release|Any CPU
		{B45E5A4A-397F-432D-A9FE-4E5F6EB3F540}.Release|Any CPU.Build.0 = Release|Any CPU
	EndGlobalSection
	GlobalSection(SolutionProperties) = preSolution
		HideSolutionNode = FALSE
	EndGlobalSection
EndGlobal
